
Microsoft Visual Studio Solution File, Format Version 12.00
# Visual Studio Version 17
VisualStudioVersion = 17.8.34408.163
MinimumVisualStudioVersion = 10.0.40219.1
Project("{9A19103F-16F7-4668-BE54-9A1E7A4F7556}") = "Copa2026", "Copa2026.csproj", "{6F187587-FD5E-4F87-8642-136C0D57741C}"
EndProject
Global
	GlobalSection(SolutionConfigurationPlatforms) = preSolution
		Debug|Any CPU = Debug|Any CPU
		Release|Any CPU = Release|Any CPU
	EndGlobalSection
	GlobalSection(ProjectConfigurationPlatforms) = postSolution
		{6F187587-FD5E-4F87-8642-136C0D57741C}.Debug|Any CPU.ActiveCfg = Debug|Any CPU
		{6F187587-FD5E-4F87-8642-136C0D57741C}.Debug|Any CPU.Build.0 = Debug|Any CPU
		{6F187587-FD5E-4F87-8642-136C0D57741C}.Release|Any CPU.ActiveCfg = Release|Any CPU
		{6F187587-FD5E-4F87-8642-136C0D57741C}.Release|Any CPU.Build.0 = Release|Any CPU
	EndGlobalSection
	GlobalSection(SolutionProperties) = preSolution
		HideSolutionNode = FALSE
	EndGlobalSection
	GlobalSection(ExtensibilityGlobals) = postSolution
		SolutionGuid = {100DAAF8-0C0A-43E7-8B8B-F198AABC13C9}
	EndGlobalSection
EndGlobal
